// !$*UTF8*$!
{
	archiveVersion = 1;
	classes = {
	};
	objectVersion = 50;
	objects = {

/* Begin PBXBuildFile section */
		577A488F26CBC8FD001D4F5A /* AppDelegate.swift in Sources */ = {isa = PBXBuildFile; fileRef = 577A488E26CBC8FD001D4F5A /* AppDelegate.swift */; };
		577A489126CBC8FD001D4F5A /* SceneDelegate.swift in Sources */ = {isa = PBXBuildFile; fileRef = 577A489026CBC8FD001D4F5A /* SceneDelegate.swift */; };
		577A489326CBC8FD001D4F5A /* ViewController.swift in Sources */ = {isa = PBXBuildFile; fileRef = 577A489226CBC8FD001D4F5A /* ViewController.swift */; };
		577A489626CBC8FD001D4F5A /* Main.storyboard in Resources */ = {isa = PBXBuildFile; fileRef = 577A489426CBC8FD001D4F5A /* Main.storyboard */; };
		577A489826CBC902001D4F5A /* Assets.xcassets in Resources */ = {isa = PBXBuildFile; fileRef = 577A489726CBC902001D4F5A /* Assets.xcassets */; };
		577A489B26CBC902001D4F5A /* LaunchScreen.storyboard in Resources */ = {isa = PBXBuildFile; fileRef = 577A489926CBC902001D4F5A /* LaunchScreen.storyboard */; };
		577A48A326CBCEF5001D4F5A /* finger.swift in Sources */ = {isa = PBXBuildFile; fileRef = 577A48A226CBCEF5001D4F5A /* finger.swift */; };
/* End PBXBuildFile section */

/* Begin PBXFileReference section */
		577A488B26CBC8FD001D4F5A /* 洗刷刷2.app */ = {isa = PBXFileReference; explicitFileType = wrapper.application; includeInIndex = 0; path = "洗刷刷2.app"; sourceTree = BUILT_PRODUCTS_DIR; };
		577A488E26CBC8FD001D4F5A /* AppDelegate.swift */ = {isa = PBXFileReference; lastKnownFileType = sourcecode.swift; path = AppDelegate.swift; sourceTree = "<group>"; };
		577A489026CBC8FD001D4F5A /* SceneDelegate.swift */ = {isa = PBXFileReference; lastKnownFileType = sourcecode.swift; path = SceneDelegate.swift; sourceTree = "<group>"; };
		577A489226CBC8FD001D4F5A /* ViewController.swift */ = {isa = PBXFileReference; lastKnownFileType = sourcecode.swift; path = ViewController.swift; sourceTree = "<group>"; };
		577A489526CBC8FD001D4F5A /* Base */ = {isa = PBXFileReference; lastKnownFileType = file.storyboard; name = Base; path = Base.lproj/Main.storyboard; sourceTree = "<group>"; };
		577A489726CBC902001D4F5A /* Assets.xcassets */ = {isa = PBXFileReference; lastKnownFileType = folder.assetcatalog; path = Assets.xcassets; sourceTree = "<group>"; };
		577A489A26CBC902001D4F5A /* Base */ = {isa = PBXFileReference; lastKnownFileType = file.storyboard; name = Base; path = Base.lproj/LaunchScreen.storyboard; sourceTree = "<group>"; };
		577A489C26CBC902001D4F5A /* Info.plist */ = {isa = PBXFileReference; lastKnownFileType = text.plist.xml; path = Info.plist; sourceTree = "<group>"; };
		577A48A226CBCEF5001D4F5A /* finger.swift */ = {isa = PBXFileReference; lastKnownFileType = sourcecode.swift; path = finger.swift; sourceTree = "<group>"; };
/* End PBXFileReference section */

/* Begin PBXFrameworksBuildPhase section */
		577A488826CBC8FD001D4F5A /* Frameworks */ = {
			isa = PBXFrameworksBuildPhase;
			buildActionMask = 2147483647;
			files = (
			);
			runOnlyForDeploymentPostprocessing = 0;
		};
/* End PBXFrameworksBuildPhase section */

/* Begin PBXGroup section */
		577A488226CBC8FD001D4F5A = {
			isa = PBXGroup;
			children = (
				577A488D26CBC8FD001D4F5A /* 洗刷刷2 */,
				577A488C26CBC8FD001D4F5A /* Products */,
			);
			sourceTree = "<group>";
		};
		577A488C26CBC8FD001D4F5A /* Products */ = {
			isa = PBXGroup;
			children = (
				577A488B26CBC8FD001D4F5A /* 洗刷刷2.app */,
			);
			name = Products;
			sourceTree = "<group>";
		};
		577A488D26CBC8FD001D4F5A /* 洗刷刷2 */ = {
			isa = PBXGroup;
			children = (
				577A488E26CBC8FD001D4F5A /* AppDelegate.swift */,
				577A489026CBC8FD001D4F5A /* SceneDelegate.swift */,
				577A489226CBC8FD001D4F5A /* ViewController.swift */,
				577A489426CBC8FD001D4F5A /* Main.storyboard */,
				577A48A226CBCEF5001D4F5A /* finger.swift */,
				577A489726CBC902001D4F5A /* Assets.xcassets */,
				577A489926CBC902001D4F5A /* LaunchScreen.storyboard */,
				577A489C26CBC902001D4F5A /* Info.plist */,
			);
			path = "洗刷刷2";
			sourceTree = "<group>";
		};
/* End PBXGroup section */

/* Begin PBXNativeTarget section */
		577A488A26CBC8FD001D4F5A /* 洗刷刷2 */ = {
			isa = PBXNativeTarget;
			buildConfigurationList = 577A489F26CBC902001D4F5A /* Build configuration list for PBXNativeTarget "洗刷刷2" */;
			buildPhases = (
				577A488726CBC8FD001D4F5A /* Sources */,
				577A488826CBC8FD001D4F5A /* Frameworks */,
				577A488926CBC8FD001D4F5A /* Resources */,
			);
			buildRules = (
			);
			dependencies = (
			);
			name = "洗刷刷2";
			productName = "洗刷刷2";
			productReference = 577A488B26CBC8FD001D4F5A /* 洗刷刷2.app */;
			productType = "com.apple.product-type.application";
		};
/* End PBXNativeTarget section */

/* Begin PBXProject section */
		577A488326CBC8FD001D4F5A /* Project object */ = {
			isa = PBXProject;
			attributes = {
				LastSwiftUpdateCheck = 1250;
				LastUpgradeCheck = 1250;
				TargetAttributes = {
					577A488A26CBC8FD001D4F5A = {
						CreatedOnToolsVersion = 12.5.1;
					};
				};
			};
			buildConfigurationList = 577A488626CBC8FD001D4F5A /* Build configuration list for PBXProject "洗刷刷2" */;
			compatibilityVersion = "Xcode 9.3";
			developmentRegion = en;
			hasScannedForEncodings = 0;
			knownRegions = (
				en,
				Base,
			);
			mainGroup = 577A488226CBC8FD001D4F5A;
			productRefGroup = 577A488C26CBC8FD001D4F5A /* Products */;
			projectDirPath = "";
			projectRoot = "";
			targets = (
				577A488A26CBC8FD001D4F5A /* 洗刷刷2 */,
			);
		};
/* End PBXProject section */

/* Begin PBXResourcesBuildPhase section */
		577A488926CBC8FD001D4F5A /* Resources */ = {
			isa = PBXResourcesBuildPhase;
			buildActionMask = 2147483647;
			files = (
				577A489B26CBC902001D4F5A /* LaunchScreen.storyboard in Resources */,
				577A489826CBC902001D4F5A /* Assets.xcassets in Resources */,
				577A489626CBC8FD001D4F5A /* Main.storyboard in Resources */,
			);
			runOnlyForDeploymentPostprocessing = 0;
		};
/* End PBXResourcesBuildPhase section */

/* Begin PBXSourcesBuildPhase section */
		577A488726CBC8FD001D4F5A /* Sources */ = {
			isa = PBXSourcesBuildPhase;
			buildActionMask = 2147483647;
			files = (
				577A489326CBC8FD001D4F5A /* ViewController.swift in Sources */,
				577A488F26CBC8FD001D4F5A /* AppDelegate.swift in Sources */,
				577A48A326CBCEF5001D4F5A /* finger.swift in Sources */,
				577A489126CBC8FD001D4F5A /* SceneDelegate.swift in Sources */,
			);
			runOnlyForDeploymentPostprocessing = 0;
		};
/* End PBXSourcesBuildPhase section */

/* Begin PBXVariantGroup section */
		577A489426CBC8FD001D4F5A /* Main.storyboard */ = {
			isa = PBXVariantGroup;
			children = (
				577A489526CBC8FD001D4F5A /* Base */,
			);
			name = Main.storyboard;
			sourceTree = "<group>";
		};
		577A489926CBC902001D4F5A /* LaunchScreen.storyboard */ = {
			isa = PBXVariantGroup;
			children = (
				577A489A26CBC902001D4F5A /* Base */,
			);
			name = LaunchScreen.storyboard;
			sourceTree = "<group>";
		};
/* End PBXVariantGroup section */

/* Begin XCBuildConfiguration section */
		577A489D26CBC902001D4F5A /* Debug */ = {
			isa = XCBuildConfiguration;
			buildSettings = {
				ALWAYS_SEARCH_USER_PATHS = NO;
				CLANG_ANALYZER_NONNULL = YES;
				CLANG_ANALYZER_NUMBER_OBJECT_CONVERSION = YES_AGGRESSIVE;
				CLANG_CXX_LANGUAGE_STANDARD = "gnu++14";
				CLANG_CXX_LIBRARY = "libc++";
				CLANG_ENABLE_MODULES = YES;
				CLANG_ENABLE_OBJC_ARC = YES;
				CLANG_ENABLE_OBJC_WEAK = YES;
				CLANG_WARN_BLOCK_CAPTURE_AUTORELEASING = YES;
				CLANG_WARN_BOOL_CONVERSION = YES;
				CLANG_WARN_COMMA = YES;
				CLANG_WARN_CONSTANT_CONVERSION = YES;
				CLANG_WARN_DEPRECATED_OBJC_IMPLEMENTATIONS = YES;
				CLANG_WARN_DIRECT_OBJC_ISA_USAGE = YES_ERROR;
				CLANG_WARN_DOCUMENTATION_COMMENTS = YES;
				CLANG_WARN_EMPTY_BODY = YES;
				CLANG_WARN_ENUM_CONVERSION = YES;
				CLANG_WARN_INFINITE_RECURSION = YES;
				CLANG_WARN_INT_CONVERSION = YES;
				CLANG_WARN_NON_LITERAL_NULL_CONVERSION = YES;
				CLANG_WARN_OBJC_IMPLICIT_RETAIN_SELF = YES;
				CLANG_WARN_OBJC_LITERAL_CONVERSION = YES;
				CLANG_WARN_OBJC_ROOT_CLASS = YES_ERROR;
				CLANG_WARN_QUOTED_INCLUDE_IN_FRAMEWORK_HEADER = YES;
				CLANG_WARN_RANGE_LOOP_ANALYSIS = YES;
				CLANG_WARN_STRICT_PROTOTYPES = YES;
				CLANG_WARN_SUSPICIOUS_MOVE = YES;
				CLANG_WARN_UNGUARDED_AVAILABILITY = YES_AGGRESSIVE;
				CLANG_WARN_UNREACHABLE_CODE = YES;
				CLANG_WARN__DUPLICATE_METHOD_MATCH = YES;
				COPY_PHASE_STRIP = NO;
				DEBUG_INFORMATION_FORMAT = dwarf;
				ENABLE_STRICT_OBJC_MSGSEND = YES;
				ENABLE_TESTABILITY = YES;
				GCC_C_LANGUAGE_STANDARD = gnu11;
				GCC_DYNAMIC_NO_PIC = NO;
				GCC_NO_COMMON_BLOCKS = YES;
				GCC_OPTIMIZATION_LEVEL = 0;
				GCC_PREPROCESSOR_DEFINITIONS = (
					"DEBUG=1",
					"$(inherited)",
				);
				GCC_WARN_64_TO_32_BIT_CONVERSION = YES;
				GCC_WARN_ABOUT_RETURN_TYPE = YES_ERROR;
				GCC_WARN_UNDECLARED_SELECTOR = YES;
				GCC_WARN_UNINITIALIZED_AUTOS = YES_AGGRESSIVE;
				GCC_WARN_UNUSED_FUNCTION = YES;
				GCC_WARN_UNUSED_VARIABLE = YES;
				IPHONEOS_DEPLOYMENT_TARGET = 14.5;
				MTL_ENABLE_DEBUG_INFO = INCLUDE_SOURCE;
				MTL_FAST_MATH = YES;
				ONLY_ACTIVE_ARCH = YES;
				SDKROOT = iphoneos;
				SWIFT_ACTIVE_COMPILATION_CONDITIONS = DEBUG;
				SWIFT_OPTIMIZATION_LEVEL = "-Onone";
			};
			name = Debug;
		};
		577A489E26CBC902001D4F5A /* Release */ = {
			isa = XCBuildConfiguration;
			buildSettings = {
				ALWAYS_SEARCH_USER_PATHS = NO;
				CLANG_ANALYZER_NONNULL = YES;
				CLANG_ANALYZER_NUMBER_OBJECT_CONVERSION = YES_AGGRESSIVE;
				CLANG_CXX_LANGUAGE_STANDARD = "gnu++14";
				CLANG_CXX_LIBRARY = "libc++";
				CLANG_ENABLE_MODULES = YES;
				CLANG_ENABLE_OBJC_ARC = YES;
				CLANG_ENABLE_OBJC_WEAK = YES;
				CLANG_WARN_BLOCK_CAPTURE_AUTORELEASING = YES;
				CLANG_WARN_BOOL_CONVERSION = YES;
				CLANG_WARN_COMMA = YES;
				CLANG_WARN_CONSTANT_CONVERSION = YES;
				CLANG_WARN_DEPRECATED_OBJC_IMPLEMENTATIONS = YES;
				CLANG_WARN_DIRECT_OBJC_ISA_USAGE = YES_ERROR;
				CLANG_WARN_DOCUMENTATION_COMMENTS = YES;
				CLANG_WARN_EMPTY_BODY = YES;
				CLANG_WARN_ENUM_CONVERSION = YES;
				CLANG_WARN_INFINITE_RECURSION = YES;
				CLANG_WARN_INT_CONVERSION = YES;
				CLANG_WARN_NON_LITERAL_NULL_CONVERSION = YES;
				CLANG_WARN_OBJC_IMPLICIT_RETAIN_SELF = YES;
				CLANG_WARN_OBJC_LITERAL_CONVERSION = YES;
				CLANG_WARN_OBJC_ROOT_CLASS = YES_ERROR;
				CLANG_WARN_QUOTED_INCLUDE_IN_FRAMEWORK_HEADER = YES;
				CLANG_WARN_RANGE_LOOP_ANALYSIS = YES;
				CLANG_WARN_STRICT_PROTOTYPES = YES;
				CLANG_WARN_SUSPICIOUS_MOVE = YES;
				CLANG_WARN_UNGUARDED_AVAILABILITY = YES_AGGRESSIVE;
				CLANG_WARN_UNREACHABLE_CODE = YES;
				CLANG_WARN__DUPLICATE_METHOD_MATCH = YES;
				COPY_PHASE_STRIP = NO;
				DEBUG_INFORMATION_FORMAT = "dwarf-with-dsym";
				ENABLE_NS_ASSERTIONS = NO;
				ENABLE_STRICT_OBJC_MSGSEND = YES;
				GCC_C_LANGUAGE_STANDARD = gnu11;
				GCC_NO_COMMON_BLOCKS = YES;
				GCC_WARN_64_TO_32_BIT_CONVERSION = YES;
				GCC_WARN_ABOUT_RETURN_TYPE = YES_ERROR;
				GCC_WARN_UNDECLARED_SELECTOR = YES;
				GCC_WARN_UNINITIALIZED_AUTOS = YES_AGGRESSIVE;
				GCC_WARN_UNUSED_FUNCTION = YES;
				GCC_WARN_UNUSED_VARIABLE = YES;
				IPHONEOS_DEPLOYMENT_TARGET = 14.5;
				MTL_ENABLE_DEBUG_INFO = NO;
				MTL_FAST_MATH = YES;
				SDKROOT = iphoneos;
				SWIFT_COMPILATION_MODE = wholemodule;
				SWIFT_OPTIMIZATION_LEVEL = "-O";
				VALIDATE_PRODUCT = YES;
			};
			name = Release;
		};
		577A48A026CBC902001D4F5A /* Debug */ = {
			isa = XCBuildConfiguration;
			buildSettings = {
				ASSETCATALOG_COMPILER_APPICON_NAME = AppIcon;
				ASSETCATALOG_COMPILER_GLOBAL_ACCENT_COLOR_NAME = AccentColor;
				CODE_SIGN_STYLE = Automatic;
				DEVELOPMENT_TEAM = VHP373PJVM;
				INFOPLIST_FILE = "洗刷刷2/Info.plist";
				LD_RUNPATH_SEARCH_PATHS = (
					"$(inherited)",
					"@executable_path/Frameworks",
				);
				PRODUCT_BUNDLE_IDENTIFIER = "com.Andeline.---2";
				PRODUCT_NAME = "$(TARGET_NAME)";
				SWIFT_VERSION = 5.0;
				TARGETED_DEVICE_FAMILY = "1,2";
			};
			name = Debug;
		};
		577A48A126CBC902001D4F5A /* Release */ = {
			isa = XCBuildConfiguration;
			buildSettings = {
				ASSETCATALOG_COMPILER_APPICON_NAME = AppIcon;
				ASSETCATALOG_COMPILER_GLOBAL_ACCENT_COLOR_NAME = AccentColor;
				CODE_SIGN_STYLE = Automatic;
				DEVELOPMENT_TEAM = VHP373PJVM;
				INFOPLIST_FILE = "洗刷刷2/Info.plist";
				LD_RUNPATH_SEARCH_PATHS = (
					"$(inherited)",
					"@executable_path/Frameworks",
				);
				PRODUCT_BUNDLE_IDENTIFIER = "com.Andeline.---2";
				PRODUCT_NAME = "$(TARGET_NAME)";
				SWIFT_VERSION = 5.0;
				TARGETED_DEVICE_FAMILY = "1,2";
			};
			name = Release;
		};
/* End XCBuildConfiguration section */

/* Begin XCConfigurationList section */
		577A488626CBC8FD001D4F5A /* Build configuration list for PBXProject "洗刷刷2" */ = {
			isa = XCConfigurationList;
			buildConfigurations = (
				577A489D26CBC902001D4F5A /* Debug */,
				577A489E26CBC902001D4F5A /* Release */,
			);
			defaultConfigurationIsVisible = 0;
			defaultConfigurationName = Release;
		};
		577A489F26CBC902001D4F5A /* Build configuration list for PBXNativeTarget "洗刷刷2" */ = {
			isa = XCConfigurationList;
			buildConfigurations = (
				577A48A026CBC902001D4F5A /* Debug */,
				577A48A126CBC902001D4F5A /* Release */,
			);
			defaultConfigurationIsVisible = 0;
			defaultConfigurationName = Release;
		};
/* End XCConfigurationList section */
	};
	rootObject = 577A488326CBC8FD001D4F5A /* Project object */;
}
